
Microsoft Visual Studio Solution File, Format Version 12.00
# Visual Studio Version 16
VisualStudioVersion = 16.0.28917.182
MinimumVisualStudioVersion = 15.0.26124.0
Project("{2150E333-8FDC-42A3-9474-1A3956D46DE8}") = "Solution Items", "Solution Items", "{76ECDD75-FC40-411A-A6CA-0D5914D48029}"
	ProjectSection(SolutionItems) = preProject
		.editorconfig = .editorconfig
		.gitattributes = .gitattributes
		.gitignore = .gitignore
		AllRules.ruleset = AllRules.ruleset
		Directory.Build.props = Directory.Build.props
		LICENSE = LICENSE
	EndProjectSection
EndProject
Project("{2150E333-8FDC-42A3-9474-1A3956D46DE8}") = "src", "src", "{037A2B91-FAAE-4EFF-9E11-B86722AEB03B}"
EndProject
Project("{2150E333-8FDC-42A3-9474-1A3956D46DE8}") = "test", "test", "{4DBCEDEF-3D7D-47F4-B397-C62545EBC1A0}"
EndProject
Project("{9A19103F-16F7-4668-BE54-9A1E7A4F7556}") = "THNETII.WebServices.Test", "test\THNETII.WebServices.Test\THNETII.WebServices.Test.csproj", "{14C6B82B-6231-44CC-9ECA-0C0494F6BF09}"
EndProject
Project("{2150E333-8FDC-42A3-9474-1A3956D46DE8}") = "sample", "sample", "{A0F8C8C9-7DB8-449E-B0A7-C2C026D693D1}"
EndProject
Project("{9A19103F-16F7-4668-BE54-9A1E7A4F7556}") = "THNETII.WebServices.Claims.Sample", "sample\THNETII.WebServices.Claims.Sample\THNETII.WebServices.Claims.Sample.csproj", "{D87C6568-49B2-4945-B9BB-7A48369F9CDA}"
EndProject
Project("{9A19103F-16F7-4668-BE54-9A1E7A4F7556}") = "THNETII.WebServices.Claims", "src\THNETII.WebServices.Claims\THNETII.WebServices.Claims.csproj", "{97ACE591-CF72-46AC-B750-B63CDD8299F0}"
EndProject
Project("{9A19103F-16F7-4668-BE54-9A1E7A4F7556}") = "THNETII.WebServices.Authentication.OAuthSignOut", "src\THNETII.WebServices.Authentication.OAuthSignOut\THNETII.WebServices.Authentication.OAuthSignOut.csproj", "{F1BD016F-A3FE-400E-AA8A-320EB6048416}"
EndProject
Project("{9A19103F-16F7-4668-BE54-9A1E7A4F7556}") = "THNETII.WebServices.Authentication.GoogleSignOut", "src\THNETII.WebServices.Authentication.GoogleSignOut\THNETII.WebServices.Authentication.GoogleSignOut.csproj", "{4005CF70-C84A-4A93-85F3-8E208428AFC8}"
EndProject
Project("{9A19103F-16F7-4668-BE54-9A1E7A4F7556}") = "THNETII.WebServices.Authentication.Extensions", "src\THNETII.WebServices.Authentication.Extensions\THNETII.WebServices.Authentication.Extensions.csproj", "{216D7291-1D9A-4E6A-8018-3FBBF10EF4BD}"
EndProject
Project("{9A19103F-16F7-4668-BE54-9A1E7A4F7556}") = "THNETII.WebServices.Authentication.CookiesExtensions", "src\THNETII.WebServices.Authentication.CookiesExtensions\THNETII.WebServices.Authentication.CookiesExtensions.csproj", "{48F26952-CB86-4782-8AC3-488CD8E9FC8E}"
EndProject
Project("{FAE04EC0-301F-11D3-BF4B-00C04F79EFBC}") = "THNETII.WebServices.WebDav.Sample", "sample\THNETII.WebServices.WebDav.Sample\THNETII.WebServices.WebDav.Sample.csproj", "{C41DA031-3ACA-4789-AE4D-22F1E09AD58A}"
EndProject
Project("{FAE04EC0-301F-11D3-BF4B-00C04F79EFBC}") = "THNETII.WebServices.Authorization.PolicyExtensions", "src\THNETII.WebServices.Authorization.PolicyExtensions\THNETII.WebServices.Authorization.PolicyExtensions.csproj", "{7D347E24-5404-4BE8-B5C8-49F10FB3B4D9}"
EndProject
Project("{FAE04EC0-301F-11D3-BF4B-00C04F79EFBC}") = "THNETII.WebServices.RegistryContentTypeProvider", "src\THNETII.WebServices.RegistryContentTypeProvider\THNETII.WebServices.RegistryContentTypeProvider.csproj", "{E8F920F9-C869-4612-A14B-AA6BCAF78039}"
EndProject
Project("{FAE04EC0-301F-11D3-BF4B-00C04F79EFBC}") = "THNETII.WebServices.WindowsImpersonation", "src\THNETII.WebServices.WindowsImpersonation\THNETII.WebServices.WindowsImpersonation.csproj", "{8980BAB5-B873-49C1-BA12-B58766810B66}"
EndProject
Global
	GlobalSection(SolutionConfigurationPlatforms) = preSolution
		Debug|Any CPU = Debug|Any CPU
		Debug|x64 = Debug|x64
		Debug|x86 = Debug|x86
		Release|Any CPU = Release|Any CPU
		Release|x64 = Release|x64
		Release|x86 = Release|x86
	EndGlobalSection
	GlobalSection(ProjectConfigurationPlatforms) = postSolution
		{14C6B82B-6231-44CC-9ECA-0C0494F6BF09}.Debug|Any CPU.ActiveCfg = Debug|Any CPU
		{14C6B82B-6231-44CC-9ECA-0C0494F6BF09}.Debug|Any CPU.Build.0 = Debug|Any CPU
		{14C6B82B-6231-44CC-9ECA-0C0494F6BF09}.Debug|x64.ActiveCfg = Debug|Any CPU
		{14C6B82B-6231-44CC-9ECA-0C0494F6BF09}.Debug|x64.Build.0 = Debug|Any CPU
		{14C6B82B-6231-44CC-9ECA-0C0494F6BF09}.Debug|x86.ActiveCfg = Debug|Any CPU
		{14C6B82B-6231-44CC-9ECA-0C0494F6BF09}.Debug|x86.Build.0 = Debug|Any CPU
		{14C6B82B-6231-44CC-9ECA-0C0494F6BF09}.Release|Any CPU.ActiveCfg = Release|Any CPU
		{14C6B82B-6231-44CC-9ECA-0C0494F6BF09}.Release|Any CPU.Build.0 = Release|Any CPU
		{14C6B82B-6231-44CC-9ECA-0C0494F6BF09}.Release|x64.ActiveCfg = Release|Any CPU
		{14C6B82B-6231-44CC-9ECA-0C0494F6BF09}.Release|x64.Build.0 = Release|Any CPU
		{14C6B82B-6231-44CC-9ECA-0C0494F6BF09}.Release|x86.ActiveCfg = Release|Any CPU
		{14C6B82B-6231-44CC-9ECA-0C0494F6BF09}.Release|x86.Build.0 = Release|Any CPU
		{D87C6568-49B2-4945-B9BB-7A48369F9CDA}.Debug|Any CPU.ActiveCfg = Debug|Any CPU
		{D87C6568-49B2-4945-B9BB-7A48369F9CDA}.Debug|Any CPU.Build.0 = Debug|Any CPU
		{D87C6568-49B2-4945-B9BB-7A48369F9CDA}.Debug|x64.ActiveCfg = Debug|Any CPU
		{D87C6568-49B2-4945-B9BB-7A48369F9CDA}.Debug|x64.Build.0 = Debug|Any CPU
		{D87C6568-49B2-4945-B9BB-7A48369F9CDA}.Debug|x86.ActiveCfg = Debug|Any CPU
		{D87C6568-49B2-4945-B9BB-7A48369F9CDA}.Debug|x86.Build.0 = Debug|Any CPU
		{D87C6568-49B2-4945-B9BB-7A48369F9CDA}.Release|Any CPU.ActiveCfg = Release|Any CPU
		{D87C6568-49B2-4945-B9BB-7A48369F9CDA}.Release|Any CPU.Build.0 = Release|Any CPU
		{D87C6568-49B2-4945-B9BB-7A48369F9CDA}.Release|x64.ActiveCfg = Release|Any CPU
		{D87C6568-49B2-4945-B9BB-7A48369F9CDA}.Release|x64.Build.0 = Release|Any CPU
		{D87C6568-49B2-4945-B9BB-7A48369F9CDA}.Release|x86.ActiveCfg = Release|Any CPU
		{D87C6568-49B2-4945-B9BB-7A48369F9CDA}.Release|x86.Build.0 = Release|Any CPU
		{97ACE591-CF72-46AC-B750-B63CDD8299F0}.Debug|Any CPU.ActiveCfg = Debug|Any CPU
		{97ACE591-CF72-46AC-B750-B63CDD8299F0}.Debug|Any CPU.Build.0 = Debug|Any CPU
		{97ACE591-CF72-46AC-B750-B63CDD8299F0}.Debug|x64.ActiveCfg = Debug|Any CPU
		{97ACE591-CF72-46AC-B750-B63CDD8299F0}.Debug|x64.Build.0 = Debug|Any CPU
		{97ACE591-CF72-46AC-B750-B63CDD8299F0}.Debug|x86.ActiveCfg = Debug|Any CPU
		{97ACE591-CF72-46AC-B750-B63CDD8299F0}.Debug|x86.Build.0 = Debug|Any CPU
		{97ACE591-CF72-46AC-B750-B63CDD8299F0}.Release|Any CPU.ActiveCfg = Release|Any CPU
		{97ACE591-CF72-46AC-B750-B63CDD8299F0}.Release|Any CPU.Build.0 = Release|Any CPU
		{97ACE591-CF72-46AC-B750-B63CDD8299F0}.Release|x64.ActiveCfg = Release|Any CPU
		{97ACE591-CF72-46AC-B750-B63CDD8299F0}.Release|x64.Build.0 = Release|Any CPU
		{97ACE591-CF72-46AC-B750-B63CDD8299F0}.Release|x86.ActiveCfg = Release|Any CPU
		{97ACE591-CF72-46AC-B750-B63CDD8299F0}.Release|x86.Build.0 = Release|Any CPU
		{F1BD016F-A3FE-400E-AA8A-320EB6048416}.Debug|Any CPU.ActiveCfg = Debug|Any CPU
		{F1BD016F-A3FE-400E-AA8A-320EB6048416}.Debug|Any CPU.Build.0 = Debug|Any CPU
		{F1BD016F-A3FE-400E-AA8A-320EB6048416}.Debug|x64.ActiveCfg = Debug|Any CPU
		{F1BD016F-A3FE-400E-AA8A-320EB6048416}.Debug|x64.Build.0 = Debug|Any CPU
		{F1BD016F-A3FE-400E-AA8A-320EB6048416}.Debug|x86.ActiveCfg = Debug|Any CPU
		{F1BD016F-A3FE-400E-AA8A-320EB6048416}.Debug|x86.Build.0 = Debug|Any CPU
		{F1BD016F-A3FE-400E-AA8A-320EB6048416}.Release|Any CPU.ActiveCfg = Release|Any CPU
		{F1BD016F-A3FE-400E-AA8A-320EB6048416}.Release|Any CPU.Build.0 = Release|Any CPU
		{F1BD016F-A3FE-400E-AA8A-320EB6048416}.Release|x64.ActiveCfg = Release|Any CPU
		{F1BD016F-A3FE-400E-AA8A-320EB6048416}.Release|x64.Build.0 = Release|Any CPU
		{F1BD016F-A3FE-400E-AA8A-320EB6048416}.Release|x86.ActiveCfg = Release|Any CPU
		{F1BD016F-A3FE-400E-AA8A-320EB6048416}.Release|x86.Build.0 = Release|Any CPU
		{4005CF70-C84A-4A93-85F3-8E208428AFC8}.Debug|Any CPU.ActiveCfg = Debug|Any CPU
		{4005CF70-C84A-4A93-85F3-8E208428AFC8}.Debug|Any CPU.Build.0 = Debug|Any CPU
		{4005CF70-C84A-4A93-85F3-8E208428AFC8}.Debug|x64.ActiveCfg = Debug|Any CPU
		{4005CF70-C84A-4A93-85F3-8E208428AFC8}.Debug|x64.Build.0 = Debug|Any CPU
		{4005CF70-C84A-4A93-85F3-8E208428AFC8}.Debug|x86.ActiveCfg = Debug|Any CPU
		{4005CF70-C84A-4A93-85F3-8E208428AFC8}.Debug|x86.Build.0 = Debug|Any CPU
		{4005CF70-C84A-4A93-85F3-8E208428AFC8}.Release|Any CPU.ActiveCfg = Release|Any CPU
		{4005CF70-C84A-4A93-85F3-8E208428AFC8}.Release|Any CPU.Build.0 = Release|Any CPU
		{4005CF70-C84A-4A93-85F3-8E208428AFC8}.Release|x64.ActiveCfg = Release|Any CPU
		{4005CF70-C84A-4A93-85F3-8E208428AFC8}.Release|x64.Build.0 = Release|Any CPU
		{4005CF70-C84A-4A93-85F3-8E208428AFC8}.Release|x86.ActiveCfg = Release|Any CPU
		{4005CF70-C84A-4A93-85F3-8E208428AFC8}.Release|x86.Build.0 = Release|Any CPU
		{216D7291-1D9A-4E6A-8018-3FBBF10EF4BD}.Debug|Any CPU.ActiveCfg = Debug|Any CPU
		{216D7291-1D9A-4E6A-8018-3FBBF10EF4BD}.Debug|Any CPU.Build.0 = Debug|Any CPU
		{216D7291-1D9A-4E6A-8018-3FBBF10EF4BD}.Debug|x64.ActiveCfg = Debug|Any CPU
		{216D7291-1D9A-4E6A-8018-3FBBF10EF4BD}.Debug|x64.Build.0 = Debug|Any CPU
		{216D7291-1D9A-4E6A-8018-3FBBF10EF4BD}.Debug|x86.ActiveCfg = Debug|Any CPU
		{216D7291-1D9A-4E6A-8018-3FBBF10EF4BD}.Debug|x86.Build.0 = Debug|Any CPU
		{216D7291-1D9A-4E6A-8018-3FBBF10EF4BD}.Release|Any CPU.ActiveCfg = Release|Any CPU
		{216D7291-1D9A-4E6A-8018-3FBBF10EF4BD}.Release|Any CPU.Build.0 = Release|Any CPU
		{216D7291-1D9A-4E6A-8018-3FBBF10EF4BD}.Release|x64.ActiveCfg = Release|Any CPU
		{216D7291-1D9A-4E6A-8018-3FBBF10EF4BD}.Release|x64.Build.0 = Release|Any CPU
		{216D7291-1D9A-4E6A-8018-3FBBF10EF4BD}.Release|x86.ActiveCfg = Release|Any CPU
		{216D7291-1D9A-4E6A-8018-3FBBF10EF4BD}.Release|x86.Build.0 = Release|Any CPU
		{48F26952-CB86-4782-8AC3-488CD8E9FC8E}.Debug|Any CPU.ActiveCfg = Debug|Any CPU
		{48F26952-CB86-4782-8AC3-488CD8E9FC8E}.Debug|Any CPU.Build.0 = Debug|Any CPU
		{48F26952-CB86-4782-8AC3-488CD8E9FC8E}.Debug|x64.ActiveCfg = Debug|Any CPU
		{48F26952-CB86-4782-8AC3-488CD8E9FC8E}.Debug|x64.Build.0 = Debug|Any CPU
		{48F26952-CB86-4782-8AC3-488CD8E9FC8E}.Debug|x86.ActiveCfg = Debug|Any CPU
		{48F26952-CB86-4782-8AC3-488CD8E9FC8E}.Debug|x86.Build.0 = Debug|Any CPU
		{48F26952-CB86-4782-8AC3-488CD8E9FC8E}.Release|Any CPU.ActiveCfg = Release|Any CPU
		{48F26952-CB86-4782-8AC3-488CD8E9FC8E}.Release|Any CPU.Build.0 = Release|Any CPU
		{48F26952-CB86-4782-8AC3-488CD8E9FC8E}.Release|x64.ActiveCfg = Release|Any CPU
		{48F26952-CB86-4782-8AC3-488CD8E9FC8E}.Release|x64.Build.0 = Release|Any CPU
		{48F26952-CB86-4782-8AC3-488CD8E9FC8E}.Release|x86.ActiveCfg = Release|Any CPU
		{48F26952-CB86-4782-8AC3-488CD8E9FC8E}.Release|x86.Build.0 = Release|Any CPU
		{C41DA031-3ACA-4789-AE4D-22F1E09AD58A}.Debug|Any CPU.ActiveCfg = Debug|Any CPU
		{C41DA031-3ACA-4789-AE4D-22F1E09AD58A}.Debug|Any CPU.Build.0 = Debug|Any CPU
		{C41DA031-3ACA-4789-AE4D-22F1E09AD58A}.Debug|x64.ActiveCfg = Debug|Any CPU
		{C41DA031-3ACA-4789-AE4D-22F1E09AD58A}.Debug|x64.Build.0 = Debug|Any CPU
		{C41DA031-3ACA-4789-AE4D-22F1E09AD58A}.Debug|x86.ActiveCfg = Debug|Any CPU
		{C41DA031-3ACA-4789-AE4D-22F1E09AD58A}.Debug|x86.Build.0 = Debug|Any CPU
		{C41DA031-3ACA-4789-AE4D-22F1E09AD58A}.Release|Any CPU.ActiveCfg = Release|Any CPU
		{C41DA031-3ACA-4789-AE4D-22F1E09AD58A}.Release|Any CPU.Build.0 = Release|Any CPU
		{C41DA031-3ACA-4789-AE4D-22F1E09AD58A}.Release|x64.ActiveCfg = Release|Any CPU
		{C41DA031-3ACA-4789-AE4D-22F1E09AD58A}.Release|x64.Build.0 = Release|Any CPU
		{C41DA031-3ACA-4789-AE4D-22F1E09AD58A}.Release|x86.ActiveCfg = Release|Any CPU
		{C41DA031-3ACA-4789-AE4D-22F1E09AD58A}.Release|x86.Build.0 = Release|Any CPU
		{7D347E24-5404-4BE8-B5C8-49F10FB3B4D9}.Debug|Any CPU.ActiveCfg = Debug|Any CPU
		{7D347E24-5404-4BE8-B5C8-49F10FB3B4D9}.Debug|Any CPU.Build.0 = Debug|Any CPU
		{7D347E24-5404-4BE8-B5C8-49F10FB3B4D9}.Debug|x64.ActiveCfg = Debug|Any CPU
		{7D347E24-5404-4BE8-B5C8-49F10FB3B4D9}.Debug|x64.Build.0 = Debug|Any CPU
		{7D347E24-5404-4BE8-B5C8-49F10FB3B4D9}.Debug|x86.ActiveCfg = Debug|Any CPU
		{7D347E24-5404-4BE8-B5C8-49F10FB3B4D9}.Debug|x86.Build.0 = Debug|Any CPU
		{7D347E24-5404-4BE8-B5C8-49F10FB3B4D9}.Release|Any CPU.ActiveCfg = Release|Any CPU
		{7D347E24-5404-4BE8-B5C8-49F10FB3B4D9}.Release|Any CPU.Build.0 = Release|Any CPU
		{7D347E24-5404-4BE8-B5C8-49F10FB3B4D9}.Release|x64.ActiveCfg = Release|Any CPU
		{7D347E24-5404-4BE8-B5C8-49F10FB3B4D9}.Release|x64.Build.0 = Release|Any CPU
		{7D347E24-5404-4BE8-B5C8-49F10FB3B4D9}.Release|x86.ActiveCfg = Release|Any CPU
		{7D347E24-5404-4BE8-B5C8-49F10FB3B4D9}.Release|x86.Build.0 = Release|Any CPU
		{E8F920F9-C869-4612-A14B-AA6BCAF78039}.Debug|Any CPU.ActiveCfg = Debug|Any CPU
		{E8F920F9-C869-4612-A14B-AA6BCAF78039}.Debug|Any CPU.Build.0 = Debug|Any CPU
		{E8F920F9-C869-4612-A14B-AA6BCAF78039}.Debug|x64.ActiveCfg = Debug|Any CPU
		{E8F920F9-C869-4612-A14B-AA6BCAF78039}.Debug|x64.Build.0 = Debug|Any CPU
		{E8F920F9-C869-4612-A14B-AA6BCAF78039}.Debug|x86.ActiveCfg = Debug|Any CPU
		{E8F920F9-C869-4612-A14B-AA6BCAF78039}.Debug|x86.Build.0 = Debug|Any CPU
		{E8F920F9-C869-4612-A14B-AA6BCAF78039}.Release|Any CPU.ActiveCfg = Release|Any CPU
		{E8F920F9-C869-4612-A14B-AA6BCAF78039}.Release|Any CPU.Build.0 = Release|Any CPU
		{E8F920F9-C869-4612-A14B-AA6BCAF78039}.Release|x64.ActiveCfg = Release|Any CPU
		{E8F920F9-C869-4612-A14B-AA6BCAF78039}.Release|x64.Build.0 = Release|Any CPU
		{E8F920F9-C869-4612-A14B-AA6BCAF78039}.Release|x86.ActiveCfg = Release|Any CPU
		{E8F920F9-C869-4612-A14B-AA6BCAF78039}.Release|x86.Build.0 = Release|Any CPU
		{8980BAB5-B873-49C1-BA12-B58766810B66}.Debug|Any CPU.ActiveCfg = Debug|Any CPU
		{8980BAB5-B873-49C1-BA12-B58766810B66}.Debug|Any CPU.Build.0 = Debug|Any CPU
		{8980BAB5-B873-49C1-BA12-B58766810B66}.Debug|x64.ActiveCfg = Debug|Any CPU
		{8980BAB5-B873-49C1-BA12-B58766810B66}.Debug|x64.Build.0 = Debug|Any CPU
		{8980BAB5-B873-49C1-BA12-B58766810B66}.Debug|x86.ActiveCfg = Debug|Any CPU
		{8980BAB5-B873-49C1-BA12-B58766810B66}.Debug|x86.Build.0 = Debug|Any CPU
		{8980BAB5-B873-49C1-BA12-B58766810B66}.Release|Any CPU.ActiveCfg = Release|Any CPU
		{8980BAB5-B873-49C1-BA12-B58766810B66}.Release|Any CPU.Build.0 = Release|Any CPU
		{8980BAB5-B873-49C1-BA12-B58766810B66}.Release|x64.ActiveCfg = Release|Any CPU
		{8980BAB5-B873-49C1-BA12-B58766810B66}.Release|x64.Build.0 = Release|Any CPU
		{8980BAB5-B873-49C1-BA12-B58766810B66}.Release|x86.ActiveCfg = Release|Any CPU
		{8980BAB5-B873-49C1-BA12-B58766810B66}.Release|x86.Build.0 = Release|Any CPU
	EndGlobalSection
	GlobalSection(SolutionProperties) = preSolution
		HideSolutionNode = FALSE
	EndGlobalSection
	GlobalSection(NestedProjects) = preSolution
		{14C6B82B-6231-44CC-9ECA-0C0494F6BF09} = {4DBCEDEF-3D7D-47F4-B397-C62545EBC1A0}
		{D87C6568-49B2-4945-B9BB-7A48369F9CDA} = {A0F8C8C9-7DB8-449E-B0A7-C2C026D693D1}
		{97ACE591-CF72-46AC-B750-B63CDD8299F0} = {037A2B91-FAAE-4EFF-9E11-B86722AEB03B}
		{F1BD016F-A3FE-400E-AA8A-320EB6048416} = {037A2B91-FAAE-4EFF-9E11-B86722AEB03B}
		{4005CF70-C84A-4A93-85F3-8E208428AFC8} = {037A2B91-FAAE-4EFF-9E11-B86722AEB03B}
		{216D7291-1D9A-4E6A-8018-3FBBF10EF4BD} = {037A2B91-FAAE-4EFF-9E11-B86722AEB03B}
		{48F26952-CB86-4782-8AC3-488CD8E9FC8E} = {037A2B91-FAAE-4EFF-9E11-B86722AEB03B}
		{C41DA031-3ACA-4789-AE4D-22F1E09AD58A} = {A0F8C8C9-7DB8-449E-B0A7-C2C026D693D1}
		{7D347E24-5404-4BE8-B5C8-49F10FB3B4D9} = {037A2B91-FAAE-4EFF-9E11-B86722AEB03B}
		{E8F920F9-C869-4612-A14B-AA6BCAF78039} = {037A2B91-FAAE-4EFF-9E11-B86722AEB03B}
		{8980BAB5-B873-49C1-BA12-B58766810B66} = {037A2B91-FAAE-4EFF-9E11-B86722AEB03B}
	EndGlobalSection
	GlobalSection(ExtensibilityGlobals) = postSolution
		SolutionGuid = {2D4C454C-A5EF-40DC-8E49-9141F411BC91}
	EndGlobalSection
EndGlobal
