
Microsoft Visual Studio Solution File, Format Version 12.00
# Visual Studio 15
VisualStudioVersion = 15.0.26124.0
MinimumVisualStudioVersion = 15.0.26124.0
Project("{2150E333-8FDC-42A3-9474-1A3956D46DE8}") = "Solution Items", "Solution Items", "{76ECDD75-FC40-411A-A6CA-0D5914D48029}"
	ProjectSection(SolutionItems) = preProject
		.editorconfig = .editorconfig
		.gitattributes = .gitattributes
		.gitignore = .gitignore
		AllRules.ruleset = AllRules.ruleset
		Directory.Build.props = Directory.Build.props
		LICENSE = LICENSE
	EndProjectSection
EndProject
Project("{2150E333-8FDC-42A3-9474-1A3956D46DE8}") = "src", "src", "{037A2B91-FAAE-4EFF-9E11-B86722AEB03B}"
EndProject
Project("{2150E333-8FDC-42A3-9474-1A3956D46DE8}") = "test", "test", "{4DBCEDEF-3D7D-47F4-B397-C62545EBC1A0}"
EndProject
Project("{9A19103F-16F7-4668-BE54-9A1E7A4F7556}") = "THNETII.WebServices.Test", "test\THNETII.WebServices.Test\THNETII.WebServices.Test.csproj", "{14C6B82B-6231-44CC-9ECA-0C0494F6BF09}"
EndProject
Project("{2150E333-8FDC-42A3-9474-1A3956D46DE8}") = "sample", "sample", "{A0F8C8C9-7DB8-449E-B0A7-C2C026D693D1}"
EndProject
Project("{9A19103F-16F7-4668-BE54-9A1E7A4F7556}") = "THNETII.WebServices.Claims.Sample", "sample\THNETII.WebServices.Claims.Sample\THNETII.WebServices.Claims.Sample.csproj", "{D87C6568-49B2-4945-B9BB-7A48369F9CDA}"
EndProject
Project("{9A19103F-16F7-4668-BE54-9A1E7A4F7556}") = "THNETII.WebServices.Claims", "src\THNETII.WebServices.Claims\THNETII.WebServices.Claims.csproj", "{97ACE591-CF72-46AC-B750-B63CDD8299F0}"
EndProject
Global
	GlobalSection(SolutionConfigurationPlatforms) = preSolution
		Debug|Any CPU = Debug|Any CPU
		Debug|x64 = Debug|x64
		Debug|x86 = Debug|x86
		Release|Any CPU = Release|Any CPU
		Release|x64 = Release|x64
		Release|x86 = Release|x86
	EndGlobalSection
	GlobalSection(ProjectConfigurationPlatforms) = postSolution
		{14C6B82B-6231-44CC-9ECA-0C0494F6BF09}.Debug|Any CPU.ActiveCfg = Debug|Any CPU
		{14C6B82B-6231-44CC-9ECA-0C0494F6BF09}.Debug|Any CPU.Build.0 = Debug|Any CPU
		{14C6B82B-6231-44CC-9ECA-0C0494F6BF09}.Debug|x64.ActiveCfg = Debug|Any CPU
		{14C6B82B-6231-44CC-9ECA-0C0494F6BF09}.Debug|x64.Build.0 = Debug|Any CPU
		{14C6B82B-6231-44CC-9ECA-0C0494F6BF09}.Debug|x86.ActiveCfg = Debug|Any CPU
		{14C6B82B-6231-44CC-9ECA-0C0494F6BF09}.Debug|x86.Build.0 = Debug|Any CPU
		{14C6B82B-6231-44CC-9ECA-0C0494F6BF09}.Release|Any CPU.ActiveCfg = Release|Any CPU
		{14C6B82B-6231-44CC-9ECA-0C0494F6BF09}.Release|Any CPU.Build.0 = Release|Any CPU
		{14C6B82B-6231-44CC-9ECA-0C0494F6BF09}.Release|x64.ActiveCfg = Release|Any CPU
		{14C6B82B-6231-44CC-9ECA-0C0494F6BF09}.Release|x64.Build.0 = Release|Any CPU
		{14C6B82B-6231-44CC-9ECA-0C0494F6BF09}.Release|x86.ActiveCfg = Release|Any CPU
		{14C6B82B-6231-44CC-9ECA-0C0494F6BF09}.Release|x86.Build.0 = Release|Any CPU
		{D87C6568-49B2-4945-B9BB-7A48369F9CDA}.Debug|Any CPU.ActiveCfg = Debug|Any CPU
		{D87C6568-49B2-4945-B9BB-7A48369F9CDA}.Debug|Any CPU.Build.0 = Debug|Any CPU
		{D87C6568-49B2-4945-B9BB-7A48369F9CDA}.Debug|x64.ActiveCfg = Debug|Any CPU
		{D87C6568-49B2-4945-B9BB-7A48369F9CDA}.Debug|x64.Build.0 = Debug|Any CPU
		{D87C6568-49B2-4945-B9BB-7A48369F9CDA}.Debug|x86.ActiveCfg = Debug|Any CPU
		{D87C6568-49B2-4945-B9BB-7A48369F9CDA}.Debug|x86.Build.0 = Debug|Any CPU
		{D87C6568-49B2-4945-B9BB-7A48369F9CDA}.Release|Any CPU.ActiveCfg = Release|Any CPU
		{D87C6568-49B2-4945-B9BB-7A48369F9CDA}.Release|Any CPU.Build.0 = Release|Any CPU
		{D87C6568-49B2-4945-B9BB-7A48369F9CDA}.Release|x64.ActiveCfg = Release|Any CPU
		{D87C6568-49B2-4945-B9BB-7A48369F9CDA}.Release|x64.Build.0 = Release|Any CPU
		{D87C6568-49B2-4945-B9BB-7A48369F9CDA}.Release|x86.ActiveCfg = Release|Any CPU
		{D87C6568-49B2-4945-B9BB-7A48369F9CDA}.Release|x86.Build.0 = Release|Any CPU
		{97ACE591-CF72-46AC-B750-B63CDD8299F0}.Debug|Any CPU.ActiveCfg = Debug|Any CPU
		{97ACE591-CF72-46AC-B750-B63CDD8299F0}.Debug|Any CPU.Build.0 = Debug|Any CPU
		{97ACE591-CF72-46AC-B750-B63CDD8299F0}.Debug|x64.ActiveCfg = Debug|Any CPU
		{97ACE591-CF72-46AC-B750-B63CDD8299F0}.Debug|x64.Build.0 = Debug|Any CPU
		{97ACE591-CF72-46AC-B750-B63CDD8299F0}.Debug|x86.ActiveCfg = Debug|Any CPU
		{97ACE591-CF72-46AC-B750-B63CDD8299F0}.Debug|x86.Build.0 = Debug|Any CPU
		{97ACE591-CF72-46AC-B750-B63CDD8299F0}.Release|Any CPU.ActiveCfg = Release|Any CPU
		{97ACE591-CF72-46AC-B750-B63CDD8299F0}.Release|Any CPU.Build.0 = Release|Any CPU
		{97ACE591-CF72-46AC-B750-B63CDD8299F0}.Release|x64.ActiveCfg = Release|Any CPU
		{97ACE591-CF72-46AC-B750-B63CDD8299F0}.Release|x64.Build.0 = Release|Any CPU
		{97ACE591-CF72-46AC-B750-B63CDD8299F0}.Release|x86.ActiveCfg = Release|Any CPU
		{97ACE591-CF72-46AC-B750-B63CDD8299F0}.Release|x86.Build.0 = Release|Any CPU
	EndGlobalSection
	GlobalSection(SolutionProperties) = preSolution
		HideSolutionNode = FALSE
	EndGlobalSection
	GlobalSection(NestedProjects) = preSolution
		{14C6B82B-6231-44CC-9ECA-0C0494F6BF09} = {4DBCEDEF-3D7D-47F4-B397-C62545EBC1A0}
		{D87C6568-49B2-4945-B9BB-7A48369F9CDA} = {A0F8C8C9-7DB8-449E-B0A7-C2C026D693D1}
		{97ACE591-CF72-46AC-B750-B63CDD8299F0} = {037A2B91-FAAE-4EFF-9E11-B86722AEB03B}
	EndGlobalSection
	GlobalSection(ExtensibilityGlobals) = postSolution
		SolutionGuid = {2D4C454C-A5EF-40DC-8E49-9141F411BC91}
	EndGlobalSection
EndGlobal
